
Microsoft Visual Studio Solution File, Format Version 12.00
# Visual Studio Version 17
VisualStudioVersion = 17.9.34701.34
MinimumVisualStudioVersion = 10.0.40219.1
Project("{FAE04EC0-301F-11D3-BF4B-00C04F79EFBC}") = "Calculatrice", "Calculatrice\Calculatrice.csproj", "{AD7B439E-97D5-40E4-8F89-1DAD1E93AD9E}"
EndProject
Project("{FAE04EC0-301F-11D3-BF4B-00C04F79EFBC}") = "CalculatriceTesting", "CalculatriceTesting\CalculatriceTesting.csproj", "{A8232192-0BDC-4B0B-83D3-5659291235AA}"
EndProject
Global
	GlobalSection(SolutionConfigurationPlatforms) = preSolution
		Debug|Any CPU = Debug|Any CPU
		Release|Any CPU = Release|Any CPU
	EndGlobalSection
	GlobalSection(ProjectConfigurationPlatforms) = postSolution
		{AD7B439E-97D5-40E4-8F89-1DAD1E93AD9E}.Debug|Any CPU.ActiveCfg = Debug|Any CPU
		{AD7B439E-97D5-40E4-8F89-1DAD1E93AD9E}.Debug|Any CPU.Build.0 = Debug|Any CPU
		{AD7B439E-97D5-40E4-8F89-1DAD1E93AD9E}.Release|Any CPU.ActiveCfg = Release|Any CPU
		{AD7B439E-97D5-40E4-8F89-1DAD1E93AD9E}.Release|Any CPU.Build.0 = Release|Any CPU
		{A8232192-0BDC-4B0B-83D3-5659291235AA}.Debug|Any CPU.ActiveCfg = Debug|Any CPU
		{A8232192-0BDC-4B0B-83D3-5659291235AA}.Debug|Any CPU.Build.0 = Debug|Any CPU
		{A8232192-0BDC-4B0B-83D3-5659291235AA}.Release|Any CPU.ActiveCfg = Release|Any CPU
		{A8232192-0BDC-4B0B-83D3-5659291235AA}.Release|Any CPU.Build.0 = Release|Any CPU
	EndGlobalSection
	GlobalSection(SolutionProperties) = preSolution
		HideSolutionNode = FALSE
	EndGlobalSection
	GlobalSection(ExtensibilityGlobals) = postSolution
		SolutionGuid = {F7E3129F-CFB1-460B-8B82-FE57609F14E6}
	EndGlobalSection
EndGlobal
